
Microsoft Visual Studio Solution File, Format Version 12.00
# Visual Studio 14
VisualStudioVersion = 14.0.25420.1
MinimumVisualStudioVersion = 10.0.40219.1
Project("{8BC9CEB8-8B4A-11D0-8D11-00A0C91BC942}") = "MiniMax", "MiniMax\MiniMax.vcxproj", "{701BEFEA-DCAF-4769-A9C5-51ACA52E0892}"
EndProject
Project("{8BC9CEB8-8B4A-11D0-8D11-00A0C91BC942}") = "Sequential", "Sequential\Sequential.vcxproj", "{E459F12A-CC31-4BDF-ADD3-61D997241CF3}"
EndProject
Project("{8BC9CEB8-8B4A-11D0-8D11-00A0C91BC942}") = "pThreads", "pThreads\pThreads.vcxproj", "{86D3FCFC-4D06-4566-A409-A3915A1D658F}"
EndProject
Project("{8BC9CEB8-8B4A-11D0-8D11-00A0C91BC942}") = "OpenMP", "OpenMP\OpenMP.vcxproj", "{3D7B39E7-37D4-4CEC-B009-D3042FF6A7FD}"
EndProject
Global
	GlobalSection(SolutionConfigurationPlatforms) = preSolution
		Debug|x64 = Debug|x64
		Debug|x86 = Debug|x86
		Release|x64 = Release|x64
		Release|x86 = Release|x86
	EndGlobalSection
	GlobalSection(ProjectConfigurationPlatforms) = postSolution
		{701BEFEA-DCAF-4769-A9C5-51ACA52E0892}.Debug|x64.ActiveCfg = Debug|x64
		{701BEFEA-DCAF-4769-A9C5-51ACA52E0892}.Debug|x64.Build.0 = Debug|x64
		{701BEFEA-DCAF-4769-A9C5-51ACA52E0892}.Debug|x86.ActiveCfg = Debug|Win32
		{701BEFEA-DCAF-4769-A9C5-51ACA52E0892}.Debug|x86.Build.0 = Debug|Win32
		{701BEFEA-DCAF-4769-A9C5-51ACA52E0892}.Release|x64.ActiveCfg = Release|x64
		{701BEFEA-DCAF-4769-A9C5-51ACA52E0892}.Release|x64.Build.0 = Release|x64
		{701BEFEA-DCAF-4769-A9C5-51ACA52E0892}.Release|x86.ActiveCfg = Release|Win32
		{701BEFEA-DCAF-4769-A9C5-51ACA52E0892}.Release|x86.Build.0 = Release|Win32
		{E459F12A-CC31-4BDF-ADD3-61D997241CF3}.Debug|x64.ActiveCfg = Debug|x64
		{E459F12A-CC31-4BDF-ADD3-61D997241CF3}.Debug|x64.Build.0 = Debug|x64
		{E459F12A-CC31-4BDF-ADD3-61D997241CF3}.Debug|x86.ActiveCfg = Debug|Win32
		{E459F12A-CC31-4BDF-ADD3-61D997241CF3}.Debug|x86.Build.0 = Debug|Win32
		{E459F12A-CC31-4BDF-ADD3-61D997241CF3}.Release|x64.ActiveCfg = Release|x64
		{E459F12A-CC31-4BDF-ADD3-61D997241CF3}.Release|x64.Build.0 = Release|x64
		{E459F12A-CC31-4BDF-ADD3-61D997241CF3}.Release|x86.ActiveCfg = Release|Win32
		{E459F12A-CC31-4BDF-ADD3-61D997241CF3}.Release|x86.Build.0 = Release|Win32
		{86D3FCFC-4D06-4566-A409-A3915A1D658F}.Debug|x64.ActiveCfg = Debug|x64
		{86D3FCFC-4D06-4566-A409-A3915A1D658F}.Debug|x64.Build.0 = Debug|x64
		{86D3FCFC-4D06-4566-A409-A3915A1D658F}.Debug|x86.ActiveCfg = Debug|Win32
		{86D3FCFC-4D06-4566-A409-A3915A1D658F}.Debug|x86.Build.0 = Debug|Win32
		{86D3FCFC-4D06-4566-A409-A3915A1D658F}.Release|x64.ActiveCfg = Release|x64
		{86D3FCFC-4D06-4566-A409-A3915A1D658F}.Release|x64.Build.0 = Release|x64
		{86D3FCFC-4D06-4566-A409-A3915A1D658F}.Release|x86.ActiveCfg = Release|Win32
		{86D3FCFC-4D06-4566-A409-A3915A1D658F}.Release|x86.Build.0 = Release|Win32
		{3D7B39E7-37D4-4CEC-B009-D3042FF6A7FD}.Debug|x64.ActiveCfg = Debug|x64
		{3D7B39E7-37D4-4CEC-B009-D3042FF6A7FD}.Debug|x64.Build.0 = Debug|x64
		{3D7B39E7-37D4-4CEC-B009-D3042FF6A7FD}.Debug|x86.ActiveCfg = Debug|Win32
		{3D7B39E7-37D4-4CEC-B009-D3042FF6A7FD}.Debug|x86.Build.0 = Debug|Win32
		{3D7B39E7-37D4-4CEC-B009-D3042FF6A7FD}.Release|x64.ActiveCfg = Release|x64
		{3D7B39E7-37D4-4CEC-B009-D3042FF6A7FD}.Release|x64.Build.0 = Release|x64
		{3D7B39E7-37D4-4CEC-B009-D3042FF6A7FD}.Release|x86.ActiveCfg = Release|Win32
		{3D7B39E7-37D4-4CEC-B009-D3042FF6A7FD}.Release|x86.Build.0 = Release|Win32
	EndGlobalSection
	GlobalSection(SolutionProperties) = preSolution
		HideSolutionNode = FALSE
	EndGlobalSection
EndGlobal
